
Microsoft Visual Studio Solution File, Format Version 12.00
# Visual Studio Version 17
VisualStudioVersion = 17.11.35208.52
MinimumVisualStudioVersion = 10.0.40219.1
Project("{9A19103F-16F7-4668-BE54-9A1E7A4F7556}") = "BreakoutF2", "BreakoutF2.csproj", "{D3BF02F4-A718-4DA7-985C-57F299834984}"
EndProject
Global
	GlobalSection(SolutionConfigurationPlatforms) = preSolution
		Debug|Any CPU = Debug|Any CPU
		Release|Any CPU = Release|Any CPU
	EndGlobalSection
	GlobalSection(ProjectConfigurationPlatforms) = postSolution
		{D3BF02F4-A718-4DA7-985C-57F299834984}.Debug|Any CPU.ActiveCfg = Debug|Any CPU
		{D3BF02F4-A718-4DA7-985C-57F299834984}.Debug|Any CPU.Build.0 = Debug|Any CPU
		{D3BF02F4-A718-4DA7-985C-57F299834984}.Release|Any CPU.ActiveCfg = Release|Any CPU
		{D3BF02F4-A718-4DA7-985C-57F299834984}.Release|Any CPU.Build.0 = Release|Any CPU
	EndGlobalSection
	GlobalSection(SolutionProperties) = preSolution
		HideSolutionNode = FALSE
	EndGlobalSection
	GlobalSection(ExtensibilityGlobals) = postSolution
		SolutionGuid = {38A64571-3D38-481D-9894-40B74A9A5D86}
	EndGlobalSection
EndGlobal
